
Microsoft Visual Studio Solution File, Format Version 12.00
# Visual Studio Version 17
VisualStudioVersion = 17.13.35507.96
MinimumVisualStudioVersion = 10.0.40219.1
Project("{FAE04EC0-301F-11D3-BF4B-00C04F79EFBC}") = "UnitTesting", "UnitTesting\UnitTesting.csproj", "{2B4405AC-2730-4A1E-A58C-4C4B537A2E7B}"
EndProject
Global
	GlobalSection(SolutionConfigurationPlatforms) = preSolution
		Debug|Any CPU = Debug|Any CPU
		Release|Any CPU = Release|Any CPU
	EndGlobalSection
	GlobalSection(ProjectConfigurationPlatforms) = postSolution
		{2B4405AC-2730-4A1E-A58C-4C4B537A2E7B}.Debug|Any CPU.ActiveCfg = Debug|Any CPU
		{2B4405AC-2730-4A1E-A58C-4C4B537A2E7B}.Debug|Any CPU.Build.0 = Debug|Any CPU
		{2B4405AC-2730-4A1E-A58C-4C4B537A2E7B}.Release|Any CPU.ActiveCfg = Release|Any CPU
		{2B4405AC-2730-4A1E-A58C-4C4B537A2E7B}.Release|Any CPU.Build.0 = Release|Any CPU
	EndGlobalSection
	GlobalSection(SolutionProperties) = preSolution
		HideSolutionNode = FALSE
	EndGlobalSection
	GlobalSection(ExtensibilityGlobals) = postSolution
		SolutionGuid = {1E16D0AD-D607-41E0-986C-588083D4C363}
	EndGlobalSection
EndGlobal
