
Microsoft Visual Studio Solution File, Format Version 12.00
# Visual Studio Version 17
VisualStudioVersion = 17.13.35507.96
MinimumVisualStudioVersion = 10.0.40219.1
Project("{FAE04EC0-301F-11D3-BF4B-00C04F79EFBC}") = "UnitTesting", "UnitTesting\UnitTesting.csproj", "{A1A12ADD-93C3-464A-9D6E-766DE50F3717}"
EndProject
Project("{FAE04EC0-301F-11D3-BF4B-00C04F79EFBC}") = "UnitTests", "UnitTests\UnitTests.csproj", "{65A65947-3D00-4E32-BAD7-AA8EFA0AAC98}"
EndProject
Global
	GlobalSection(SolutionConfigurationPlatforms) = preSolution
		Debug|Any CPU = Debug|Any CPU
		Release|Any CPU = Release|Any CPU
	EndGlobalSection
	GlobalSection(ProjectConfigurationPlatforms) = postSolution
		{A1A12ADD-93C3-464A-9D6E-766DE50F3717}.Debug|Any CPU.ActiveCfg = Debug|Any CPU
		{A1A12ADD-93C3-464A-9D6E-766DE50F3717}.Debug|Any CPU.Build.0 = Debug|Any CPU
		{A1A12ADD-93C3-464A-9D6E-766DE50F3717}.Release|Any CPU.ActiveCfg = Release|Any CPU
		{A1A12ADD-93C3-464A-9D6E-766DE50F3717}.Release|Any CPU.Build.0 = Release|Any CPU
		{65A65947-3D00-4E32-BAD7-AA8EFA0AAC98}.Debug|Any CPU.ActiveCfg = Debug|Any CPU
		{65A65947-3D00-4E32-BAD7-AA8EFA0AAC98}.Debug|Any CPU.Build.0 = Debug|Any CPU
		{65A65947-3D00-4E32-BAD7-AA8EFA0AAC98}.Release|Any CPU.ActiveCfg = Release|Any CPU
		{65A65947-3D00-4E32-BAD7-AA8EFA0AAC98}.Release|Any CPU.Build.0 = Release|Any CPU
	EndGlobalSection
	GlobalSection(SolutionProperties) = preSolution
		HideSolutionNode = FALSE
	EndGlobalSection
	GlobalSection(ExtensibilityGlobals) = postSolution
		SolutionGuid = {0B04435E-78AD-489C-BDC1-B05B60C779CE}
	EndGlobalSection
EndGlobal
